
Microsoft Visual Studio Solution File, Format Version 12.00
# Visual Studio Version 16
VisualStudioVersion = 16.0.29709.97
MinimumVisualStudioVersion = 10.0.40219.1
Project("{FAE04EC0-301F-11D3-BF4B-00C04F79EFBC}") = "pc15.0", "pc15.0.csproj", "{DD7B9EE6-0D7E-4A0A-BEE5-D31C7BA9FEFC}"
EndProject
Global
	GlobalSection(SolutionConfigurationPlatforms) = preSolution
		Debug|Any CPU = Debug|Any CPU
		Release|Any CPU = Release|Any CPU
	EndGlobalSection
	GlobalSection(ProjectConfigurationPlatforms) = postSolution
		{DD7B9EE6-0D7E-4A0A-BEE5-D31C7BA9FEFC}.Debug|Any CPU.ActiveCfg = Debug|Any CPU
		{DD7B9EE6-0D7E-4A0A-BEE5-D31C7BA9FEFC}.Debug|Any CPU.Build.0 = Debug|Any CPU
		{DD7B9EE6-0D7E-4A0A-BEE5-D31C7BA9FEFC}.Release|Any CPU.ActiveCfg = Release|Any CPU
		{DD7B9EE6-0D7E-4A0A-BEE5-D31C7BA9FEFC}.Release|Any CPU.Build.0 = Release|Any CPU
	EndGlobalSection
	GlobalSection(SolutionProperties) = preSolution
		HideSolutionNode = FALSE
	EndGlobalSection
	GlobalSection(ExtensibilityGlobals) = postSolution
		SolutionGuid = {95FA369E-AB2D-4CD2-9C8F-8A711D36C2C5}
	EndGlobalSection
EndGlobal
